
Microsoft Visual Studio Solution File, Format Version 12.00
# Visual Studio Version 17
VisualStudioVersion = 17.12.35707.178
MinimumVisualStudioVersion = 10.0.40219.1
Project("{FAE04EC0-301F-11D3-BF4B-00C04F79EFBC}") = "CityStateSim.Core", "Core\CityStateSim.Core.csproj", "{FA81979E-0828-47E1-9649-AFB6A867E458}"
EndProject
Project("{FAE04EC0-301F-11D3-BF4B-00C04F79EFBC}") = "CityStateSim.Infrastructure", "Infrastructure\CityStateSim.Infrastructure.csproj", "{412F9D8C-437E-4BD8-B707-AD7753BC50A4}"
EndProject
Project("{FAE04EC0-301F-11D3-BF4B-00C04F79EFBC}") = "CityStateSim.Gameplay", "Gameplay\CityStateSim.Gameplay.csproj", "{66C0B595-624E-4DC1-9101-273B40960420}"
EndProject
Project("{FAE04EC0-301F-11D3-BF4B-00C04F79EFBC}") = "CityStateSim.UI", "UI\CityStateSim.UI.csproj", "{5C605E1E-94C4-4606-B155-AF2854A281C9}"
EndProject
Project("{2150E333-8FDC-42A3-9474-1A3956D46DE8}") = "Solution Files", "Solution Files", "{2185E783-F612-4995-B664-2EA757F5D934}"
	ProjectSection(SolutionItems) = preProject
		.gitignore = .gitignore
		.github\workflows\ci.yml = .github\workflows\ci.yml
		README.md = README.md
	EndProjectSection
EndProject
Project("{2150E333-8FDC-42A3-9474-1A3956D46DE8}") = "Tests", "Tests", "{73E94CE5-75EE-4B58-ABC8-2BA7E718E85A}"
EndProject
Project("{FAE04EC0-301F-11D3-BF4B-00C04F79EFBC}") = "Core.Tests", "Tests\Core.Tests\Core.Tests.csproj", "{BAADE13F-7228-4062-9D8C-2EA54B631ED2}"
EndProject
Project("{FAE04EC0-301F-11D3-BF4B-00C04F79EFBC}") = "Infrastructure.Tests", "Tests\Infrastructure.Tests\Infrastructure.Tests.csproj", "{C64A7FB2-DF1F-437C-9127-02856B74B59B}"
EndProject
Project("{FAE04EC0-301F-11D3-BF4B-00C04F79EFBC}") = "Gameplay.Tests", "Tests\Gameplay.Tests\Gameplay.Tests.csproj", "{E6B95E1F-248B-4748-8E9B-E609945CD821}"
EndProject
Project("{FAE04EC0-301F-11D3-BF4B-00C04F79EFBC}") = "IntegrationTests", "Tests\IntegrationTests\IntegrationTests.csproj", "{362299ED-D98E-42CE-9935-D5A69024EC7F}"
EndProject
Global
	GlobalSection(SolutionConfigurationPlatforms) = preSolution
		Debug|Any CPU = Debug|Any CPU
		Release|Any CPU = Release|Any CPU
	EndGlobalSection
	GlobalSection(ProjectConfigurationPlatforms) = postSolution
		{FA81979E-0828-47E1-9649-AFB6A867E458}.Debug|Any CPU.ActiveCfg = Debug|Any CPU
		{FA81979E-0828-47E1-9649-AFB6A867E458}.Debug|Any CPU.Build.0 = Debug|Any CPU
		{FA81979E-0828-47E1-9649-AFB6A867E458}.Release|Any CPU.ActiveCfg = Release|Any CPU
		{FA81979E-0828-47E1-9649-AFB6A867E458}.Release|Any CPU.Build.0 = Release|Any CPU
		{412F9D8C-437E-4BD8-B707-AD7753BC50A4}.Debug|Any CPU.ActiveCfg = Debug|Any CPU
		{412F9D8C-437E-4BD8-B707-AD7753BC50A4}.Debug|Any CPU.Build.0 = Debug|Any CPU
		{412F9D8C-437E-4BD8-B707-AD7753BC50A4}.Release|Any CPU.ActiveCfg = Release|Any CPU
		{412F9D8C-437E-4BD8-B707-AD7753BC50A4}.Release|Any CPU.Build.0 = Release|Any CPU
		{66C0B595-624E-4DC1-9101-273B40960420}.Debug|Any CPU.ActiveCfg = Debug|Any CPU
		{66C0B595-624E-4DC1-9101-273B40960420}.Debug|Any CPU.Build.0 = Debug|Any CPU
		{66C0B595-624E-4DC1-9101-273B40960420}.Release|Any CPU.ActiveCfg = Release|Any CPU
		{66C0B595-624E-4DC1-9101-273B40960420}.Release|Any CPU.Build.0 = Release|Any CPU
		{5C605E1E-94C4-4606-B155-AF2854A281C9}.Debug|Any CPU.ActiveCfg = Debug|Any CPU
		{5C605E1E-94C4-4606-B155-AF2854A281C9}.Debug|Any CPU.Build.0 = Debug|Any CPU
		{5C605E1E-94C4-4606-B155-AF2854A281C9}.Release|Any CPU.ActiveCfg = Release|Any CPU
		{5C605E1E-94C4-4606-B155-AF2854A281C9}.Release|Any CPU.Build.0 = Release|Any CPU
		{BAADE13F-7228-4062-9D8C-2EA54B631ED2}.Debug|Any CPU.ActiveCfg = Debug|Any CPU
		{BAADE13F-7228-4062-9D8C-2EA54B631ED2}.Debug|Any CPU.Build.0 = Debug|Any CPU
		{BAADE13F-7228-4062-9D8C-2EA54B631ED2}.Release|Any CPU.ActiveCfg = Release|Any CPU
		{BAADE13F-7228-4062-9D8C-2EA54B631ED2}.Release|Any CPU.Build.0 = Release|Any CPU
		{C64A7FB2-DF1F-437C-9127-02856B74B59B}.Debug|Any CPU.ActiveCfg = Debug|Any CPU
		{C64A7FB2-DF1F-437C-9127-02856B74B59B}.Debug|Any CPU.Build.0 = Debug|Any CPU
		{C64A7FB2-DF1F-437C-9127-02856B74B59B}.Release|Any CPU.ActiveCfg = Release|Any CPU
		{C64A7FB2-DF1F-437C-9127-02856B74B59B}.Release|Any CPU.Build.0 = Release|Any CPU
		{E6B95E1F-248B-4748-8E9B-E609945CD821}.Debug|Any CPU.ActiveCfg = Debug|Any CPU
		{E6B95E1F-248B-4748-8E9B-E609945CD821}.Debug|Any CPU.Build.0 = Debug|Any CPU
		{E6B95E1F-248B-4748-8E9B-E609945CD821}.Release|Any CPU.ActiveCfg = Release|Any CPU
		{E6B95E1F-248B-4748-8E9B-E609945CD821}.Release|Any CPU.Build.0 = Release|Any CPU
		{362299ED-D98E-42CE-9935-D5A69024EC7F}.Debug|Any CPU.ActiveCfg = Debug|Any CPU
		{362299ED-D98E-42CE-9935-D5A69024EC7F}.Debug|Any CPU.Build.0 = Debug|Any CPU
		{362299ED-D98E-42CE-9935-D5A69024EC7F}.Release|Any CPU.ActiveCfg = Release|Any CPU
		{362299ED-D98E-42CE-9935-D5A69024EC7F}.Release|Any CPU.Build.0 = Release|Any CPU
	EndGlobalSection
	GlobalSection(SolutionProperties) = preSolution
		HideSolutionNode = FALSE
	EndGlobalSection
	GlobalSection(NestedProjects) = preSolution
		{BAADE13F-7228-4062-9D8C-2EA54B631ED2} = {73E94CE5-75EE-4B58-ABC8-2BA7E718E85A}
		{C64A7FB2-DF1F-437C-9127-02856B74B59B} = {73E94CE5-75EE-4B58-ABC8-2BA7E718E85A}
		{E6B95E1F-248B-4748-8E9B-E609945CD821} = {73E94CE5-75EE-4B58-ABC8-2BA7E718E85A}
		{362299ED-D98E-42CE-9935-D5A69024EC7F} = {73E94CE5-75EE-4B58-ABC8-2BA7E718E85A}
	EndGlobalSection
EndGlobal
